
Microsoft Visual Studio Solution File, Format Version 12.00
# Visual Studio 2013
VisualStudioVersion = 12.0.40629.0
MinimumVisualStudioVersion = 10.0.40219.1
Project("{FAE04EC0-301F-11D3-BF4B-00C04F79EFBC}") = "Contract", "PluginStructure\Contracts\Contract.csproj", "{74DF888A-2A03-4538-BC52-6F1568739A50}"
EndProject
Project("{FAE04EC0-301F-11D3-BF4B-00C04F79EFBC}") = "AddInSideAdapter", "PluginStructure\AddInSideAdapter\AddInSideAdapter.csproj", "{268F376D-32AA-43AB-868B-C4EC9371A8BD}"
EndProject
Project("{FAE04EC0-301F-11D3-BF4B-00C04F79EFBC}") = "AddInView", "PluginStructure\AddInView\AddInView.csproj", "{5EBFAF6B-7051-437F-9E78-B1FD01327117}"
EndProject
Project("{FAE04EC0-301F-11D3-BF4B-00C04F79EFBC}") = "HostSideAdapter", "PluginStructure\HostSideAdapter\HostSideAdapter.csproj", "{CBC43A66-3E0C-414B-BF60-A87794F45D59}"
EndProject
Project("{FAE04EC0-301F-11D3-BF4B-00C04F79EFBC}") = "HostView", "PluginStructure\HostView\HostView.csproj", "{463596DA-0D1B-4EEB-AF2A-1B71FA722999}"
EndProject
Project("{FAE04EC0-301F-11D3-BF4B-00C04F79EFBC}") = "LiveViewPlugin", "LiveViewPlugin\LiveViewPlugin.csproj", "{5518C6D0-FA11-4106-9497-A68ABE298552}"
EndProject
Project("{FAE04EC0-301F-11D3-BF4B-00C04F79EFBC}") = "BusyIndicatorLib", "BusyIndicatorLib\BusyIndicatorLib.csproj", "{7D150B17-2450-43D2-8F3C-BB01E7B62577}"
EndProject
Project("{2150E333-8FDC-42A3-9474-1A3956D46DE8}") = "Lib", "Lib", "{B434F6CD-ABE9-456D-A629-509F099ED724}"
EndProject
Project("{2150E333-8FDC-42A3-9474-1A3956D46DE8}") = "AddIn", "AddIn", "{25AC5B50-0D8A-4681-A07A-BFB1BED8283E}"
EndProject
Project("{2150E333-8FDC-42A3-9474-1A3956D46DE8}") = "Plugin", "Plugin", "{E98F5F37-481C-450D-A7C1-6D43A17E5306}"
EndProject
Project("{FAE04EC0-301F-11D3-BF4B-00C04F79EFBC}") = "ITSWorkStation", "ITSWorkStation\ITSWorkStation.csproj", "{BE675BEB-A66A-4BFD-8988-2313BDF2D380}"
EndProject
Project("{FAE04EC0-301F-11D3-BF4B-00C04F79EFBC}") = "PlaybackPlugin", "PlaybackPlugin\PlaybackPlugin.csproj", "{AA732BF2-278A-4EBB-9824-3246535A0B16}"
EndProject
Project("{FAE04EC0-301F-11D3-BF4B-00C04F79EFBC}") = "AudioPlayerLib", "Libs\AudioPlayerLib\AudioPlayerLib.csproj", "{6F4736D4-24CF-493C-8315-90FB9401BA45}"
EndProject
Project("{FAE04EC0-301F-11D3-BF4B-00C04F79EFBC}") = "NotificationLib", "Libs\NotificationLib\NotificationLib.csproj", "{84655E42-501F-49F6-85F5-8E6CFEC94219}"
EndProject
Project("{2150E333-8FDC-42A3-9474-1A3956D46DE8}") = "RTSP", "RTSP", "{73C248E1-D820-4F79-AF2D-CCC86ACF582D}"
EndProject
Project("{8BC9CEB8-8B4A-11D0-8D11-00A0C91BC942}") = "SharpRTSPClient", "..\live555.2014.05.06-vs2012-solution\projects\SharpRTSPClient\SharpRTSPClient.vcxproj", "{95E4F5BC-9E65-49DB-8763-8874765F7CF1}"
	ProjectSection(ProjectDependencies) = postProject
		{5ECF3208-7620-4F26-A855-20DE202E39FC} = {5ECF3208-7620-4F26-A855-20DE202E39FC}
		{5D28D0A2-634A-4CFD-BF44-7EC8B8DFC09D} = {5D28D0A2-634A-4CFD-BF44-7EC8B8DFC09D}
		{E57F6CCE-004B-42B2-B11B-3F4C402F1733} = {E57F6CCE-004B-42B2-B11B-3F4C402F1733}
		{1C258AEE-0409-478F-AEEE-A365BA6AD479} = {1C258AEE-0409-478F-AEEE-A365BA6AD479}
	EndProjectSection
EndProject
Project("{8BC9CEB8-8B4A-11D0-8D11-00A0C91BC942}") = "groupsock", "..\live555.2014.05.06-vs2012-solution\projects\groupsock\groupsock.vcxproj", "{5D28D0A2-634A-4CFD-BF44-7EC8B8DFC09D}"
EndProject
Project("{8BC9CEB8-8B4A-11D0-8D11-00A0C91BC942}") = "BasicUsageEnvironment", "..\live555.2014.05.06-vs2012-solution\projects\BasicUsageEnvironment\BasicUsageEnvironment.vcxproj", "{1C258AEE-0409-478F-AEEE-A365BA6AD479}"
EndProject
Project("{8BC9CEB8-8B4A-11D0-8D11-00A0C91BC942}") = "liveMedia", "..\live555.2014.05.06-vs2012-solution\projects\liveMedia\liveMedia.vcxproj", "{E57F6CCE-004B-42B2-B11B-3F4C402F1733}"
EndProject
Project("{8BC9CEB8-8B4A-11D0-8D11-00A0C91BC942}") = "UsageEnvironment", "..\live555.2014.05.06-vs2012-solution\projects\UsageEnvironment\UsageEnvironment.vcxproj", "{5ECF3208-7620-4F26-A855-20DE202E39FC}"
EndProject
Project("{FAE04EC0-301F-11D3-BF4B-00C04F79EFBC}") = "SDL2-CS", "Libs\SDL2-CS-master\SDL2-CS.csproj", "{85480198-8711-4355-830E-72FD794AD3F6}"
EndProject
Global
	GlobalSection(SolutionConfigurationPlatforms) = preSolution
		Debug|Any CPU = Debug|Any CPU
		Debug|Mixed Platforms = Debug|Mixed Platforms
		Debug|Win32 = Debug|Win32
		Debug|x64 = Debug|x64
		Debug|x86 = Debug|x86
		Release|Any CPU = Release|Any CPU
		Release|Mixed Platforms = Release|Mixed Platforms
		Release|Win32 = Release|Win32
		Release|x64 = Release|x64
		Release|x86 = Release|x86
	EndGlobalSection
	GlobalSection(ProjectConfigurationPlatforms) = postSolution
		{74DF888A-2A03-4538-BC52-6F1568739A50}.Debug|Any CPU.ActiveCfg = Debug|Any CPU
		{74DF888A-2A03-4538-BC52-6F1568739A50}.Debug|Any CPU.Build.0 = Debug|Any CPU
		{74DF888A-2A03-4538-BC52-6F1568739A50}.Debug|Mixed Platforms.ActiveCfg = Debug|Any CPU
		{74DF888A-2A03-4538-BC52-6F1568739A50}.Debug|Mixed Platforms.Build.0 = Debug|Any CPU
		{74DF888A-2A03-4538-BC52-6F1568739A50}.Debug|Win32.ActiveCfg = Debug|Any CPU
		{74DF888A-2A03-4538-BC52-6F1568739A50}.Debug|x64.ActiveCfg = Debug|Any CPU
		{74DF888A-2A03-4538-BC52-6F1568739A50}.Debug|x86.ActiveCfg = Debug|Any CPU
		{74DF888A-2A03-4538-BC52-6F1568739A50}.Release|Any CPU.ActiveCfg = Release|Any CPU
		{74DF888A-2A03-4538-BC52-6F1568739A50}.Release|Any CPU.Build.0 = Release|Any CPU
		{74DF888A-2A03-4538-BC52-6F1568739A50}.Release|Mixed Platforms.ActiveCfg = Release|Any CPU
		{74DF888A-2A03-4538-BC52-6F1568739A50}.Release|Mixed Platforms.Build.0 = Release|Any CPU
		{74DF888A-2A03-4538-BC52-6F1568739A50}.Release|Win32.ActiveCfg = Release|Any CPU
		{74DF888A-2A03-4538-BC52-6F1568739A50}.Release|x64.ActiveCfg = Release|Any CPU
		{74DF888A-2A03-4538-BC52-6F1568739A50}.Release|x86.ActiveCfg = Release|Any CPU
		{268F376D-32AA-43AB-868B-C4EC9371A8BD}.Debug|Any CPU.ActiveCfg = Debug|Any CPU
		{268F376D-32AA-43AB-868B-C4EC9371A8BD}.Debug|Any CPU.Build.0 = Debug|Any CPU
		{268F376D-32AA-43AB-868B-C4EC9371A8BD}.Debug|Mixed Platforms.ActiveCfg = Debug|Any CPU
		{268F376D-32AA-43AB-868B-C4EC9371A8BD}.Debug|Mixed Platforms.Build.0 = Debug|Any CPU
		{268F376D-32AA-43AB-868B-C4EC9371A8BD}.Debug|Win32.ActiveCfg = Debug|Any CPU
		{268F376D-32AA-43AB-868B-C4EC9371A8BD}.Debug|x64.ActiveCfg = Debug|Any CPU
		{268F376D-32AA-43AB-868B-C4EC9371A8BD}.Debug|x86.ActiveCfg = Debug|Any CPU
		{268F376D-32AA-43AB-868B-C4EC9371A8BD}.Release|Any CPU.ActiveCfg = Release|Any CPU
		{268F376D-32AA-43AB-868B-C4EC9371A8BD}.Release|Any CPU.Build.0 = Release|Any CPU
		{268F376D-32AA-43AB-868B-C4EC9371A8BD}.Release|Mixed Platforms.ActiveCfg = Release|Any CPU
		{268F376D-32AA-43AB-868B-C4EC9371A8BD}.Release|Mixed Platforms.Build.0 = Release|Any CPU
		{268F376D-32AA-43AB-868B-C4EC9371A8BD}.Release|Win32.ActiveCfg = Release|Any CPU
		{268F376D-32AA-43AB-868B-C4EC9371A8BD}.Release|x64.ActiveCfg = Release|Any CPU
		{268F376D-32AA-43AB-868B-C4EC9371A8BD}.Release|x86.ActiveCfg = Release|Any CPU
		{5EBFAF6B-7051-437F-9E78-B1FD01327117}.Debug|Any CPU.ActiveCfg = Debug|Any CPU
		{5EBFAF6B-7051-437F-9E78-B1FD01327117}.Debug|Any CPU.Build.0 = Debug|Any CPU
		{5EBFAF6B-7051-437F-9E78-B1FD01327117}.Debug|Mixed Platforms.ActiveCfg = Debug|Any CPU
		{5EBFAF6B-7051-437F-9E78-B1FD01327117}.Debug|Mixed Platforms.Build.0 = Debug|Any CPU
		{5EBFAF6B-7051-437F-9E78-B1FD01327117}.Debug|Win32.ActiveCfg = Debug|Any CPU
		{5EBFAF6B-7051-437F-9E78-B1FD01327117}.Debug|x64.ActiveCfg = Debug|Any CPU
		{5EBFAF6B-7051-437F-9E78-B1FD01327117}.Debug|x86.ActiveCfg = Debug|Any CPU
		{5EBFAF6B-7051-437F-9E78-B1FD01327117}.Release|Any CPU.ActiveCfg = Release|Any CPU
		{5EBFAF6B-7051-437F-9E78-B1FD01327117}.Release|Any CPU.Build.0 = Release|Any CPU
		{5EBFAF6B-7051-437F-9E78-B1FD01327117}.Release|Mixed Platforms.ActiveCfg = Release|Any CPU
		{5EBFAF6B-7051-437F-9E78-B1FD01327117}.Release|Mixed Platforms.Build.0 = Release|Any CPU
		{5EBFAF6B-7051-437F-9E78-B1FD01327117}.Release|Win32.ActiveCfg = Release|Any CPU
		{5EBFAF6B-7051-437F-9E78-B1FD01327117}.Release|x64.ActiveCfg = Release|Any CPU
		{5EBFAF6B-7051-437F-9E78-B1FD01327117}.Release|x86.ActiveCfg = Release|Any CPU
		{CBC43A66-3E0C-414B-BF60-A87794F45D59}.Debug|Any CPU.ActiveCfg = Debug|Any CPU
		{CBC43A66-3E0C-414B-BF60-A87794F45D59}.Debug|Any CPU.Build.0 = Debug|Any CPU
		{CBC43A66-3E0C-414B-BF60-A87794F45D59}.Debug|Mixed Platforms.ActiveCfg = Debug|Any CPU
		{CBC43A66-3E0C-414B-BF60-A87794F45D59}.Debug|Mixed Platforms.Build.0 = Debug|Any CPU
		{CBC43A66-3E0C-414B-BF60-A87794F45D59}.Debug|Win32.ActiveCfg = Debug|Any CPU
		{CBC43A66-3E0C-414B-BF60-A87794F45D59}.Debug|x64.ActiveCfg = Debug|Any CPU
		{CBC43A66-3E0C-414B-BF60-A87794F45D59}.Debug|x86.ActiveCfg = Debug|Any CPU
		{CBC43A66-3E0C-414B-BF60-A87794F45D59}.Release|Any CPU.ActiveCfg = Release|Any CPU
		{CBC43A66-3E0C-414B-BF60-A87794F45D59}.Release|Any CPU.Build.0 = Release|Any CPU
		{CBC43A66-3E0C-414B-BF60-A87794F45D59}.Release|Mixed Platforms.ActiveCfg = Release|Any CPU
		{CBC43A66-3E0C-414B-BF60-A87794F45D59}.Release|Mixed Platforms.Build.0 = Release|Any CPU
		{CBC43A66-3E0C-414B-BF60-A87794F45D59}.Release|Win32.ActiveCfg = Release|Any CPU
		{CBC43A66-3E0C-414B-BF60-A87794F45D59}.Release|x64.ActiveCfg = Release|Any CPU
		{CBC43A66-3E0C-414B-BF60-A87794F45D59}.Release|x86.ActiveCfg = Release|Any CPU
		{463596DA-0D1B-4EEB-AF2A-1B71FA722999}.Debug|Any CPU.ActiveCfg = Debug|Any CPU
		{463596DA-0D1B-4EEB-AF2A-1B71FA722999}.Debug|Any CPU.Build.0 = Debug|Any CPU
		{463596DA-0D1B-4EEB-AF2A-1B71FA722999}.Debug|Mixed Platforms.ActiveCfg = Debug|Any CPU
		{463596DA-0D1B-4EEB-AF2A-1B71FA722999}.Debug|Mixed Platforms.Build.0 = Debug|Any CPU
		{463596DA-0D1B-4EEB-AF2A-1B71FA722999}.Debug|Win32.ActiveCfg = Debug|Any CPU
		{463596DA-0D1B-4EEB-AF2A-1B71FA722999}.Debug|x64.ActiveCfg = Debug|Any CPU
		{463596DA-0D1B-4EEB-AF2A-1B71FA722999}.Debug|x86.ActiveCfg = Debug|Any CPU
		{463596DA-0D1B-4EEB-AF2A-1B71FA722999}.Release|Any CPU.ActiveCfg = Release|Any CPU
		{463596DA-0D1B-4EEB-AF2A-1B71FA722999}.Release|Any CPU.Build.0 = Release|Any CPU
		{463596DA-0D1B-4EEB-AF2A-1B71FA722999}.Release|Mixed Platforms.ActiveCfg = Release|Any CPU
		{463596DA-0D1B-4EEB-AF2A-1B71FA722999}.Release|Mixed Platforms.Build.0 = Release|Any CPU
		{463596DA-0D1B-4EEB-AF2A-1B71FA722999}.Release|Win32.ActiveCfg = Release|Any CPU
		{463596DA-0D1B-4EEB-AF2A-1B71FA722999}.Release|x64.ActiveCfg = Release|Any CPU
		{463596DA-0D1B-4EEB-AF2A-1B71FA722999}.Release|x86.ActiveCfg = Release|Any CPU
		{5518C6D0-FA11-4106-9497-A68ABE298552}.Debug|Any CPU.ActiveCfg = Debug|Any CPU
		{5518C6D0-FA11-4106-9497-A68ABE298552}.Debug|Any CPU.Build.0 = Debug|Any CPU
		{5518C6D0-FA11-4106-9497-A68ABE298552}.Debug|Mixed Platforms.ActiveCfg = Debug|Any CPU
		{5518C6D0-FA11-4106-9497-A68ABE298552}.Debug|Mixed Platforms.Build.0 = Debug|Any CPU
		{5518C6D0-FA11-4106-9497-A68ABE298552}.Debug|Win32.ActiveCfg = Debug|Any CPU
		{5518C6D0-FA11-4106-9497-A68ABE298552}.Debug|x64.ActiveCfg = Debug|Any CPU
		{5518C6D0-FA11-4106-9497-A68ABE298552}.Debug|x86.ActiveCfg = Debug|Any CPU
		{5518C6D0-FA11-4106-9497-A68ABE298552}.Release|Any CPU.ActiveCfg = Release|Any CPU
		{5518C6D0-FA11-4106-9497-A68ABE298552}.Release|Any CPU.Build.0 = Release|Any CPU
		{5518C6D0-FA11-4106-9497-A68ABE298552}.Release|Mixed Platforms.ActiveCfg = Release|Any CPU
		{5518C6D0-FA11-4106-9497-A68ABE298552}.Release|Mixed Platforms.Build.0 = Release|Any CPU
		{5518C6D0-FA11-4106-9497-A68ABE298552}.Release|Win32.ActiveCfg = Release|Any CPU
		{5518C6D0-FA11-4106-9497-A68ABE298552}.Release|x64.ActiveCfg = Release|Any CPU
		{5518C6D0-FA11-4106-9497-A68ABE298552}.Release|x86.ActiveCfg = Release|Any CPU
		{7D150B17-2450-43D2-8F3C-BB01E7B62577}.Debug|Any CPU.ActiveCfg = Debug|Any CPU
		{7D150B17-2450-43D2-8F3C-BB01E7B62577}.Debug|Any CPU.Build.0 = Debug|Any CPU
		{7D150B17-2450-43D2-8F3C-BB01E7B62577}.Debug|Mixed Platforms.ActiveCfg = Debug|Any CPU
		{7D150B17-2450-43D2-8F3C-BB01E7B62577}.Debug|Mixed Platforms.Build.0 = Debug|Any CPU
		{7D150B17-2450-43D2-8F3C-BB01E7B62577}.Debug|Win32.ActiveCfg = Debug|Any CPU
		{7D150B17-2450-43D2-8F3C-BB01E7B62577}.Debug|x64.ActiveCfg = Debug|Any CPU
		{7D150B17-2450-43D2-8F3C-BB01E7B62577}.Debug|x86.ActiveCfg = Debug|Any CPU
		{7D150B17-2450-43D2-8F3C-BB01E7B62577}.Release|Any CPU.ActiveCfg = Release|Any CPU
		{7D150B17-2450-43D2-8F3C-BB01E7B62577}.Release|Any CPU.Build.0 = Release|Any CPU
		{7D150B17-2450-43D2-8F3C-BB01E7B62577}.Release|Mixed Platforms.ActiveCfg = Release|Any CPU
		{7D150B17-2450-43D2-8F3C-BB01E7B62577}.Release|Mixed Platforms.Build.0 = Release|Any CPU
		{7D150B17-2450-43D2-8F3C-BB01E7B62577}.Release|Win32.ActiveCfg = Release|Any CPU
		{7D150B17-2450-43D2-8F3C-BB01E7B62577}.Release|x64.ActiveCfg = Release|Any CPU
		{7D150B17-2450-43D2-8F3C-BB01E7B62577}.Release|x86.ActiveCfg = Release|Any CPU
		{BE675BEB-A66A-4BFD-8988-2313BDF2D380}.Debug|Any CPU.ActiveCfg = Debug|Any CPU
		{BE675BEB-A66A-4BFD-8988-2313BDF2D380}.Debug|Any CPU.Build.0 = Debug|Any CPU
		{BE675BEB-A66A-4BFD-8988-2313BDF2D380}.Debug|Mixed Platforms.ActiveCfg = Debug|Any CPU
		{BE675BEB-A66A-4BFD-8988-2313BDF2D380}.Debug|Mixed Platforms.Build.0 = Debug|Any CPU
		{BE675BEB-A66A-4BFD-8988-2313BDF2D380}.Debug|Win32.ActiveCfg = Debug|Any CPU
		{BE675BEB-A66A-4BFD-8988-2313BDF2D380}.Debug|x64.ActiveCfg = Debug|Any CPU
		{BE675BEB-A66A-4BFD-8988-2313BDF2D380}.Debug|x86.ActiveCfg = Debug|Any CPU
		{BE675BEB-A66A-4BFD-8988-2313BDF2D380}.Debug|x86.Build.0 = Debug|Any CPU
		{BE675BEB-A66A-4BFD-8988-2313BDF2D380}.Release|Any CPU.ActiveCfg = Release|Any CPU
		{BE675BEB-A66A-4BFD-8988-2313BDF2D380}.Release|Any CPU.Build.0 = Release|Any CPU
		{BE675BEB-A66A-4BFD-8988-2313BDF2D380}.Release|Mixed Platforms.ActiveCfg = Release|Any CPU
		{BE675BEB-A66A-4BFD-8988-2313BDF2D380}.Release|Mixed Platforms.Build.0 = Release|Any CPU
		{BE675BEB-A66A-4BFD-8988-2313BDF2D380}.Release|Win32.ActiveCfg = Release|Any CPU
		{BE675BEB-A66A-4BFD-8988-2313BDF2D380}.Release|x64.ActiveCfg = Release|Any CPU
		{BE675BEB-A66A-4BFD-8988-2313BDF2D380}.Release|x86.ActiveCfg = Release|Any CPU
		{AA732BF2-278A-4EBB-9824-3246535A0B16}.Debug|Any CPU.ActiveCfg = Debug|Any CPU
		{AA732BF2-278A-4EBB-9824-3246535A0B16}.Debug|Any CPU.Build.0 = Debug|Any CPU
		{AA732BF2-278A-4EBB-9824-3246535A0B16}.Debug|Mixed Platforms.ActiveCfg = Debug|Any CPU
		{AA732BF2-278A-4EBB-9824-3246535A0B16}.Debug|Mixed Platforms.Build.0 = Debug|Any CPU
		{AA732BF2-278A-4EBB-9824-3246535A0B16}.Debug|Win32.ActiveCfg = Debug|Any CPU
		{AA732BF2-278A-4EBB-9824-3246535A0B16}.Debug|x64.ActiveCfg = Debug|Any CPU
		{AA732BF2-278A-4EBB-9824-3246535A0B16}.Debug|x86.ActiveCfg = Debug|Any CPU
		{AA732BF2-278A-4EBB-9824-3246535A0B16}.Release|Any CPU.ActiveCfg = Release|Any CPU
		{AA732BF2-278A-4EBB-9824-3246535A0B16}.Release|Any CPU.Build.0 = Release|Any CPU
		{AA732BF2-278A-4EBB-9824-3246535A0B16}.Release|Mixed Platforms.ActiveCfg = Release|Any CPU
		{AA732BF2-278A-4EBB-9824-3246535A0B16}.Release|Mixed Platforms.Build.0 = Release|Any CPU
		{AA732BF2-278A-4EBB-9824-3246535A0B16}.Release|Win32.ActiveCfg = Release|Any CPU
		{AA732BF2-278A-4EBB-9824-3246535A0B16}.Release|x64.ActiveCfg = Release|Any CPU
		{AA732BF2-278A-4EBB-9824-3246535A0B16}.Release|x86.ActiveCfg = Release|Any CPU
		{6F4736D4-24CF-493C-8315-90FB9401BA45}.Debug|Any CPU.ActiveCfg = Debug|Any CPU
		{6F4736D4-24CF-493C-8315-90FB9401BA45}.Debug|Any CPU.Build.0 = Debug|Any CPU
		{6F4736D4-24CF-493C-8315-90FB9401BA45}.Debug|Mixed Platforms.ActiveCfg = Debug|Any CPU
		{6F4736D4-24CF-493C-8315-90FB9401BA45}.Debug|Mixed Platforms.Build.0 = Debug|Any CPU
		{6F4736D4-24CF-493C-8315-90FB9401BA45}.Debug|Win32.ActiveCfg = Debug|Any CPU
		{6F4736D4-24CF-493C-8315-90FB9401BA45}.Debug|x64.ActiveCfg = Debug|Any CPU
		{6F4736D4-24CF-493C-8315-90FB9401BA45}.Debug|x86.ActiveCfg = Debug|Any CPU
		{6F4736D4-24CF-493C-8315-90FB9401BA45}.Release|Any CPU.ActiveCfg = Release|Any CPU
		{6F4736D4-24CF-493C-8315-90FB9401BA45}.Release|Any CPU.Build.0 = Release|Any CPU
		{6F4736D4-24CF-493C-8315-90FB9401BA45}.Release|Mixed Platforms.ActiveCfg = Release|Any CPU
		{6F4736D4-24CF-493C-8315-90FB9401BA45}.Release|Mixed Platforms.Build.0 = Release|Any CPU
		{6F4736D4-24CF-493C-8315-90FB9401BA45}.Release|Win32.ActiveCfg = Release|Any CPU
		{6F4736D4-24CF-493C-8315-90FB9401BA45}.Release|x64.ActiveCfg = Release|Any CPU
		{6F4736D4-24CF-493C-8315-90FB9401BA45}.Release|x86.ActiveCfg = Release|Any CPU
		{84655E42-501F-49F6-85F5-8E6CFEC94219}.Debug|Any CPU.ActiveCfg = Debug|Any CPU
		{84655E42-501F-49F6-85F5-8E6CFEC94219}.Debug|Any CPU.Build.0 = Debug|Any CPU
		{84655E42-501F-49F6-85F5-8E6CFEC94219}.Debug|Mixed Platforms.ActiveCfg = Debug|Any CPU
		{84655E42-501F-49F6-85F5-8E6CFEC94219}.Debug|Mixed Platforms.Build.0 = Debug|Any CPU
		{84655E42-501F-49F6-85F5-8E6CFEC94219}.Debug|Win32.ActiveCfg = Debug|Any CPU
		{84655E42-501F-49F6-85F5-8E6CFEC94219}.Debug|x64.ActiveCfg = Debug|Any CPU
		{84655E42-501F-49F6-85F5-8E6CFEC94219}.Debug|x86.ActiveCfg = Debug|Any CPU
		{84655E42-501F-49F6-85F5-8E6CFEC94219}.Release|Any CPU.ActiveCfg = Release|Any CPU
		{84655E42-501F-49F6-85F5-8E6CFEC94219}.Release|Any CPU.Build.0 = Release|Any CPU
		{84655E42-501F-49F6-85F5-8E6CFEC94219}.Release|Mixed Platforms.ActiveCfg = Release|Any CPU
		{84655E42-501F-49F6-85F5-8E6CFEC94219}.Release|Mixed Platforms.Build.0 = Release|Any CPU
		{84655E42-501F-49F6-85F5-8E6CFEC94219}.Release|Win32.ActiveCfg = Release|Any CPU
		{84655E42-501F-49F6-85F5-8E6CFEC94219}.Release|x64.ActiveCfg = Release|Any CPU
		{84655E42-501F-49F6-85F5-8E6CFEC94219}.Release|x86.ActiveCfg = Release|Any CPU
		{95E4F5BC-9E65-49DB-8763-8874765F7CF1}.Debug|Any CPU.ActiveCfg = Debug|Win32
		{95E4F5BC-9E65-49DB-8763-8874765F7CF1}.Debug|Mixed Platforms.ActiveCfg = Debug|Win32
		{95E4F5BC-9E65-49DB-8763-8874765F7CF1}.Debug|Mixed Platforms.Build.0 = Debug|Win32
		{95E4F5BC-9E65-49DB-8763-8874765F7CF1}.Debug|Win32.ActiveCfg = Debug|Win32
		{95E4F5BC-9E65-49DB-8763-8874765F7CF1}.Debug|Win32.Build.0 = Debug|Win32
		{95E4F5BC-9E65-49DB-8763-8874765F7CF1}.Debug|x64.ActiveCfg = Debug|Win32
		{95E4F5BC-9E65-49DB-8763-8874765F7CF1}.Debug|x86.ActiveCfg = Debug|Win32
		{95E4F5BC-9E65-49DB-8763-8874765F7CF1}.Debug|x86.Build.0 = Debug|Win32
		{95E4F5BC-9E65-49DB-8763-8874765F7CF1}.Release|Any CPU.ActiveCfg = Release|Win32
		{95E4F5BC-9E65-49DB-8763-8874765F7CF1}.Release|Mixed Platforms.ActiveCfg = Release|Win32
		{95E4F5BC-9E65-49DB-8763-8874765F7CF1}.Release|Mixed Platforms.Build.0 = Release|Win32
		{95E4F5BC-9E65-49DB-8763-8874765F7CF1}.Release|Win32.ActiveCfg = Release|Win32
		{95E4F5BC-9E65-49DB-8763-8874765F7CF1}.Release|Win32.Build.0 = Release|Win32
		{95E4F5BC-9E65-49DB-8763-8874765F7CF1}.Release|x64.ActiveCfg = Release|Win32
		{95E4F5BC-9E65-49DB-8763-8874765F7CF1}.Release|x86.ActiveCfg = Release|Win32
		{95E4F5BC-9E65-49DB-8763-8874765F7CF1}.Release|x86.Build.0 = Release|Win32
		{5D28D0A2-634A-4CFD-BF44-7EC8B8DFC09D}.Debug|Any CPU.ActiveCfg = Debug|Win32
		{5D28D0A2-634A-4CFD-BF44-7EC8B8DFC09D}.Debug|Mixed Platforms.ActiveCfg = Debug|Win32
		{5D28D0A2-634A-4CFD-BF44-7EC8B8DFC09D}.Debug|Mixed Platforms.Build.0 = Debug|Win32
		{5D28D0A2-634A-4CFD-BF44-7EC8B8DFC09D}.Debug|Win32.ActiveCfg = Debug|Win32
		{5D28D0A2-634A-4CFD-BF44-7EC8B8DFC09D}.Debug|Win32.Build.0 = Debug|Win32
		{5D28D0A2-634A-4CFD-BF44-7EC8B8DFC09D}.Debug|x64.ActiveCfg = Debug|Win32
		{5D28D0A2-634A-4CFD-BF44-7EC8B8DFC09D}.Debug|x86.ActiveCfg = Debug|Win32
		{5D28D0A2-634A-4CFD-BF44-7EC8B8DFC09D}.Release|Any CPU.ActiveCfg = Release|Win32
		{5D28D0A2-634A-4CFD-BF44-7EC8B8DFC09D}.Release|Mixed Platforms.ActiveCfg = Release|Win32
		{5D28D0A2-634A-4CFD-BF44-7EC8B8DFC09D}.Release|Mixed Platforms.Build.0 = Release|Win32
		{5D28D0A2-634A-4CFD-BF44-7EC8B8DFC09D}.Release|Win32.ActiveCfg = Release|Win32
		{5D28D0A2-634A-4CFD-BF44-7EC8B8DFC09D}.Release|Win32.Build.0 = Release|Win32
		{5D28D0A2-634A-4CFD-BF44-7EC8B8DFC09D}.Release|x64.ActiveCfg = Release|Win32
		{5D28D0A2-634A-4CFD-BF44-7EC8B8DFC09D}.Release|x86.ActiveCfg = Release|Win32
		{5D28D0A2-634A-4CFD-BF44-7EC8B8DFC09D}.Release|x86.Build.0 = Release|Win32
		{1C258AEE-0409-478F-AEEE-A365BA6AD479}.Debug|Any CPU.ActiveCfg = Debug|Win32
		{1C258AEE-0409-478F-AEEE-A365BA6AD479}.Debug|Mixed Platforms.ActiveCfg = Debug|Win32
		{1C258AEE-0409-478F-AEEE-A365BA6AD479}.Debug|Mixed Platforms.Build.0 = Debug|Win32
		{1C258AEE-0409-478F-AEEE-A365BA6AD479}.Debug|Win32.ActiveCfg = Debug|Win32
		{1C258AEE-0409-478F-AEEE-A365BA6AD479}.Debug|Win32.Build.0 = Debug|Win32
		{1C258AEE-0409-478F-AEEE-A365BA6AD479}.Debug|x64.ActiveCfg = Debug|Win32
		{1C258AEE-0409-478F-AEEE-A365BA6AD479}.Debug|x86.ActiveCfg = Debug|Win32
		{1C258AEE-0409-478F-AEEE-A365BA6AD479}.Release|Any CPU.ActiveCfg = Release|Win32
		{1C258AEE-0409-478F-AEEE-A365BA6AD479}.Release|Mixed Platforms.ActiveCfg = Release|Win32
		{1C258AEE-0409-478F-AEEE-A365BA6AD479}.Release|Mixed Platforms.Build.0 = Release|Win32
		{1C258AEE-0409-478F-AEEE-A365BA6AD479}.Release|Win32.ActiveCfg = Release|Win32
		{1C258AEE-0409-478F-AEEE-A365BA6AD479}.Release|Win32.Build.0 = Release|Win32
		{1C258AEE-0409-478F-AEEE-A365BA6AD479}.Release|x64.ActiveCfg = Release|Win32
		{1C258AEE-0409-478F-AEEE-A365BA6AD479}.Release|x86.ActiveCfg = Release|Win32
		{1C258AEE-0409-478F-AEEE-A365BA6AD479}.Release|x86.Build.0 = Release|Win32
		{E57F6CCE-004B-42B2-B11B-3F4C402F1733}.Debug|Any CPU.ActiveCfg = Debug|Win32
		{E57F6CCE-004B-42B2-B11B-3F4C402F1733}.Debug|Mixed Platforms.ActiveCfg = Debug|Win32
		{E57F6CCE-004B-42B2-B11B-3F4C402F1733}.Debug|Mixed Platforms.Build.0 = Debug|Win32
		{E57F6CCE-004B-42B2-B11B-3F4C402F1733}.Debug|Win32.ActiveCfg = Debug|Win32
		{E57F6CCE-004B-42B2-B11B-3F4C402F1733}.Debug|Win32.Build.0 = Debug|Win32
		{E57F6CCE-004B-42B2-B11B-3F4C402F1733}.Debug|x64.ActiveCfg = Debug|Win32
		{E57F6CCE-004B-42B2-B11B-3F4C402F1733}.Debug|x86.ActiveCfg = Debug|Win32
		{E57F6CCE-004B-42B2-B11B-3F4C402F1733}.Release|Any CPU.ActiveCfg = Release|Win32
		{E57F6CCE-004B-42B2-B11B-3F4C402F1733}.Release|Mixed Platforms.ActiveCfg = Release|Win32
		{E57F6CCE-004B-42B2-B11B-3F4C402F1733}.Release|Mixed Platforms.Build.0 = Release|Win32
		{E57F6CCE-004B-42B2-B11B-3F4C402F1733}.Release|Win32.ActiveCfg = Release|Win32
		{E57F6CCE-004B-42B2-B11B-3F4C402F1733}.Release|Win32.Build.0 = Release|Win32
		{E57F6CCE-004B-42B2-B11B-3F4C402F1733}.Release|x64.ActiveCfg = Release|Win32
		{E57F6CCE-004B-42B2-B11B-3F4C402F1733}.Release|x86.ActiveCfg = Release|Win32
		{E57F6CCE-004B-42B2-B11B-3F4C402F1733}.Release|x86.Build.0 = Release|Win32
		{5ECF3208-7620-4F26-A855-20DE202E39FC}.Debug|Any CPU.ActiveCfg = Debug|Win32
		{5ECF3208-7620-4F26-A855-20DE202E39FC}.Debug|Mixed Platforms.ActiveCfg = Debug|Win32
		{5ECF3208-7620-4F26-A855-20DE202E39FC}.Debug|Mixed Platforms.Build.0 = Debug|Win32
		{5ECF3208-7620-4F26-A855-20DE202E39FC}.Debug|Win32.ActiveCfg = Debug|Win32
		{5ECF3208-7620-4F26-A855-20DE202E39FC}.Debug|Win32.Build.0 = Debug|Win32
		{5ECF3208-7620-4F26-A855-20DE202E39FC}.Debug|x64.ActiveCfg = Debug|Win32
		{5ECF3208-7620-4F26-A855-20DE202E39FC}.Debug|x86.ActiveCfg = Debug|Win32
		{5ECF3208-7620-4F26-A855-20DE202E39FC}.Release|Any CPU.ActiveCfg = Release|Win32
		{5ECF3208-7620-4F26-A855-20DE202E39FC}.Release|Mixed Platforms.ActiveCfg = Release|Win32
		{5ECF3208-7620-4F26-A855-20DE202E39FC}.Release|Mixed Platforms.Build.0 = Release|Win32
		{5ECF3208-7620-4F26-A855-20DE202E39FC}.Release|Win32.ActiveCfg = Release|Win32
		{5ECF3208-7620-4F26-A855-20DE202E39FC}.Release|Win32.Build.0 = Release|Win32
		{5ECF3208-7620-4F26-A855-20DE202E39FC}.Release|x64.ActiveCfg = Release|Win32
		{5ECF3208-7620-4F26-A855-20DE202E39FC}.Release|x86.ActiveCfg = Release|Win32
		{5ECF3208-7620-4F26-A855-20DE202E39FC}.Release|x86.Build.0 = Release|Win32
		{85480198-8711-4355-830E-72FD794AD3F6}.Debug|Any CPU.ActiveCfg = Debug|Any CPU
		{85480198-8711-4355-830E-72FD794AD3F6}.Debug|Any CPU.Build.0 = Debug|Any CPU
		{85480198-8711-4355-830E-72FD794AD3F6}.Debug|Mixed Platforms.ActiveCfg = Debug|x86
		{85480198-8711-4355-830E-72FD794AD3F6}.Debug|Mixed Platforms.Build.0 = Debug|x86
		{85480198-8711-4355-830E-72FD794AD3F6}.Debug|Win32.ActiveCfg = Debug|x86
		{85480198-8711-4355-830E-72FD794AD3F6}.Debug|Win32.Build.0 = Debug|x86
		{85480198-8711-4355-830E-72FD794AD3F6}.Debug|x64.ActiveCfg = Debug|x64
		{85480198-8711-4355-830E-72FD794AD3F6}.Debug|x64.Build.0 = Debug|x64
		{85480198-8711-4355-830E-72FD794AD3F6}.Debug|x86.ActiveCfg = Debug|x86
		{85480198-8711-4355-830E-72FD794AD3F6}.Debug|x86.Build.0 = Debug|x86
		{85480198-8711-4355-830E-72FD794AD3F6}.Release|Any CPU.ActiveCfg = Release|Any CPU
		{85480198-8711-4355-830E-72FD794AD3F6}.Release|Any CPU.Build.0 = Release|Any CPU
		{85480198-8711-4355-830E-72FD794AD3F6}.Release|Mixed Platforms.ActiveCfg = Release|x86
		{85480198-8711-4355-830E-72FD794AD3F6}.Release|Mixed Platforms.Build.0 = Release|x86
		{85480198-8711-4355-830E-72FD794AD3F6}.Release|Win32.ActiveCfg = Release|x86
		{85480198-8711-4355-830E-72FD794AD3F6}.Release|Win32.Build.0 = Release|x86
		{85480198-8711-4355-830E-72FD794AD3F6}.Release|x64.ActiveCfg = Release|x64
		{85480198-8711-4355-830E-72FD794AD3F6}.Release|x64.Build.0 = Release|x64
		{85480198-8711-4355-830E-72FD794AD3F6}.Release|x86.ActiveCfg = Release|x86
		{85480198-8711-4355-830E-72FD794AD3F6}.Release|x86.Build.0 = Release|x86
	EndGlobalSection
	GlobalSection(SolutionProperties) = preSolution
		HideSolutionNode = FALSE
	EndGlobalSection
	GlobalSection(NestedProjects) = preSolution
		{74DF888A-2A03-4538-BC52-6F1568739A50} = {25AC5B50-0D8A-4681-A07A-BFB1BED8283E}
		{268F376D-32AA-43AB-868B-C4EC9371A8BD} = {25AC5B50-0D8A-4681-A07A-BFB1BED8283E}
		{5EBFAF6B-7051-437F-9E78-B1FD01327117} = {25AC5B50-0D8A-4681-A07A-BFB1BED8283E}
		{CBC43A66-3E0C-414B-BF60-A87794F45D59} = {25AC5B50-0D8A-4681-A07A-BFB1BED8283E}
		{463596DA-0D1B-4EEB-AF2A-1B71FA722999} = {25AC5B50-0D8A-4681-A07A-BFB1BED8283E}
		{5518C6D0-FA11-4106-9497-A68ABE298552} = {E98F5F37-481C-450D-A7C1-6D43A17E5306}
		{7D150B17-2450-43D2-8F3C-BB01E7B62577} = {B434F6CD-ABE9-456D-A629-509F099ED724}
		{AA732BF2-278A-4EBB-9824-3246535A0B16} = {E98F5F37-481C-450D-A7C1-6D43A17E5306}
		{6F4736D4-24CF-493C-8315-90FB9401BA45} = {B434F6CD-ABE9-456D-A629-509F099ED724}
		{84655E42-501F-49F6-85F5-8E6CFEC94219} = {B434F6CD-ABE9-456D-A629-509F099ED724}
		{95E4F5BC-9E65-49DB-8763-8874765F7CF1} = {73C248E1-D820-4F79-AF2D-CCC86ACF582D}
		{5D28D0A2-634A-4CFD-BF44-7EC8B8DFC09D} = {73C248E1-D820-4F79-AF2D-CCC86ACF582D}
		{1C258AEE-0409-478F-AEEE-A365BA6AD479} = {73C248E1-D820-4F79-AF2D-CCC86ACF582D}
		{E57F6CCE-004B-42B2-B11B-3F4C402F1733} = {73C248E1-D820-4F79-AF2D-CCC86ACF582D}
		{5ECF3208-7620-4F26-A855-20DE202E39FC} = {73C248E1-D820-4F79-AF2D-CCC86ACF582D}
		{85480198-8711-4355-830E-72FD794AD3F6} = {B434F6CD-ABE9-456D-A629-509F099ED724}
	EndGlobalSection
EndGlobal
